
Microsoft Visual Studio Solution File, Format Version 12.00
# Visual Studio 14
VisualStudioVersion = 14.0.25420.1
MinimumVisualStudioVersion = 10.0.40219.1
Project("{FAE04EC0-301F-11D3-BF4B-00C04F79EFBC}") = "ElasticBee", "ElasticBee\ElasticBee.csproj", "{4DCC5A41-674C-4FE2-8F22-F17FA290A78A}"
EndProject
Project("{FAE04EC0-301F-11D3-BF4B-00C04F79EFBC}") = "NotificationGenerator", "NotificationGenerator\NotificationGenerator.csproj", "{FFBBAD2C-0CDC-4155-85DF-971EBAC9E035}"
EndProject
Project("{FAE04EC0-301F-11D3-BF4B-00C04F79EFBC}") = "LogDashConsole", "LogDashConsole\LogDashConsole.csproj", "{E514616B-A4A7-4A6C-B6B4-A1A7CB5BA897}"
EndProject
Project("{FAE04EC0-301F-11D3-BF4B-00C04F79EFBC}") = "LogEventTypes", "LogEventTypes\LogEventTypes.csproj", "{7F3132B7-B555-413C-8F06-043A37869489}"
EndProject
Project("{FAE04EC0-301F-11D3-BF4B-00C04F79EFBC}") = "LogDashWeb", "LogDashWeb\LogDashWeb.csproj", "{014C2501-BF02-46A4-AFEC-35F0C4989C57}"
EndProject
Global
	GlobalSection(SolutionConfigurationPlatforms) = preSolution
		Debug|Any CPU = Debug|Any CPU
		Release|Any CPU = Release|Any CPU
	EndGlobalSection
	GlobalSection(ProjectConfigurationPlatforms) = postSolution
		{4DCC5A41-674C-4FE2-8F22-F17FA290A78A}.Debug|Any CPU.ActiveCfg = Debug|Any CPU
		{4DCC5A41-674C-4FE2-8F22-F17FA290A78A}.Debug|Any CPU.Build.0 = Debug|Any CPU
		{4DCC5A41-674C-4FE2-8F22-F17FA290A78A}.Release|Any CPU.ActiveCfg = Release|Any CPU
		{4DCC5A41-674C-4FE2-8F22-F17FA290A78A}.Release|Any CPU.Build.0 = Release|Any CPU
		{FFBBAD2C-0CDC-4155-85DF-971EBAC9E035}.Debug|Any CPU.ActiveCfg = Debug|Any CPU
		{FFBBAD2C-0CDC-4155-85DF-971EBAC9E035}.Debug|Any CPU.Build.0 = Debug|Any CPU
		{FFBBAD2C-0CDC-4155-85DF-971EBAC9E035}.Release|Any CPU.ActiveCfg = Release|Any CPU
		{FFBBAD2C-0CDC-4155-85DF-971EBAC9E035}.Release|Any CPU.Build.0 = Release|Any CPU
		{E514616B-A4A7-4A6C-B6B4-A1A7CB5BA897}.Debug|Any CPU.ActiveCfg = Debug|Any CPU
		{E514616B-A4A7-4A6C-B6B4-A1A7CB5BA897}.Debug|Any CPU.Build.0 = Debug|Any CPU
		{E514616B-A4A7-4A6C-B6B4-A1A7CB5BA897}.Release|Any CPU.ActiveCfg = Release|Any CPU
		{E514616B-A4A7-4A6C-B6B4-A1A7CB5BA897}.Release|Any CPU.Build.0 = Release|Any CPU
		{7F3132B7-B555-413C-8F06-043A37869489}.Debug|Any CPU.ActiveCfg = Debug|Any CPU
		{7F3132B7-B555-413C-8F06-043A37869489}.Debug|Any CPU.Build.0 = Debug|Any CPU
		{7F3132B7-B555-413C-8F06-043A37869489}.Release|Any CPU.ActiveCfg = Release|Any CPU
		{7F3132B7-B555-413C-8F06-043A37869489}.Release|Any CPU.Build.0 = Release|Any CPU
		{014C2501-BF02-46A4-AFEC-35F0C4989C57}.Debug|Any CPU.ActiveCfg = Debug|Any CPU
		{014C2501-BF02-46A4-AFEC-35F0C4989C57}.Debug|Any CPU.Build.0 = Debug|Any CPU
		{014C2501-BF02-46A4-AFEC-35F0C4989C57}.Release|Any CPU.ActiveCfg = Release|Any CPU
		{014C2501-BF02-46A4-AFEC-35F0C4989C57}.Release|Any CPU.Build.0 = Release|Any CPU
	EndGlobalSection
	GlobalSection(SolutionProperties) = preSolution
		HideSolutionNode = FALSE
	EndGlobalSection
EndGlobal
